
Microsoft Visual Studio Solution File, Format Version 12.00
# Visual Studio 15
VisualStudioVersion = 15.0.28307.1300
MinimumVisualStudioVersion = 10.0.40219.1
Project("{FAE04EC0-301F-11D3-BF4B-00C04F79EFBC}") = "GazeOpenFace", "GazeOpenFace\GazeOpenFace.csproj", "{967BE44E-8591-4C12-94C1-CFEC171F13CE}"
EndProject
Global
	GlobalSection(SolutionConfigurationPlatforms) = preSolution
		Debug|Any CPU = Debug|Any CPU
		Release|Any CPU = Release|Any CPU
	EndGlobalSection
	GlobalSection(ProjectConfigurationPlatforms) = postSolution
		{967BE44E-8591-4C12-94C1-CFEC171F13CE}.Debug|Any CPU.ActiveCfg = Debug|Any CPU
		{967BE44E-8591-4C12-94C1-CFEC171F13CE}.Debug|Any CPU.Build.0 = Debug|Any CPU
		{967BE44E-8591-4C12-94C1-CFEC171F13CE}.Release|Any CPU.ActiveCfg = Release|Any CPU
		{967BE44E-8591-4C12-94C1-CFEC171F13CE}.Release|Any CPU.Build.0 = Release|Any CPU
	EndGlobalSection
	GlobalSection(SolutionProperties) = preSolution
		HideSolutionNode = FALSE
	EndGlobalSection
	GlobalSection(ExtensibilityGlobals) = postSolution
		SolutionGuid = {D531E68C-FC63-49B7-8E95-BE7A443A4574}
	EndGlobalSection
EndGlobal
